
Microsoft Visual Studio Solution File, Format Version 12.00
Project("{FAE04EC0-301F-11D3-BF4B-00C04F79EFBC}") = "BackEndWebAPI", "BackEndWebAPI\BackEndWebAPI.csproj", "{F8BA1C3D-E113-49BC-B2B6-293374F59982}"
EndProject
Project("{FAE04EC0-301F-11D3-BF4B-00C04F79EFBC}") = "FrontEndBlazor", "FrontEndBlazor\FrontEndBlazor.csproj", "{500A0613-F070-462B-845E-B319E0FE1671}"
EndProject
Global
	GlobalSection(SolutionConfigurationPlatforms) = preSolution
		Debug|Any CPU = Debug|Any CPU
		Release|Any CPU = Release|Any CPU
	EndGlobalSection
	GlobalSection(ProjectConfigurationPlatforms) = postSolution
		{F8BA1C3D-E113-49BC-B2B6-293374F59982}.Debug|Any CPU.ActiveCfg = Debug|Any CPU
		{F8BA1C3D-E113-49BC-B2B6-293374F59982}.Debug|Any CPU.Build.0 = Debug|Any CPU
		{F8BA1C3D-E113-49BC-B2B6-293374F59982}.Release|Any CPU.ActiveCfg = Release|Any CPU
		{F8BA1C3D-E113-49BC-B2B6-293374F59982}.Release|Any CPU.Build.0 = Release|Any CPU
		{F8BA1C3D-E113-49BC-B2B6-293374F59982}.Debug|Any CPU.Deploy.0 = Debug|Any CPU
		{F8BA1C3D-E113-49BC-B2B6-293374F59982}.Release|Any CPU.Deploy.0 = Release|Any CPU
		{500A0613-F070-462B-845E-B319E0FE1671}.Debug|Any CPU.ActiveCfg = Debug|Any CPU
		{500A0613-F070-462B-845E-B319E0FE1671}.Debug|Any CPU.Build.0 = Debug|Any CPU
		{500A0613-F070-462B-845E-B319E0FE1671}.Release|Any CPU.ActiveCfg = Release|Any CPU
		{500A0613-F070-462B-845E-B319E0FE1671}.Release|Any CPU.Build.0 = Release|Any CPU
		{500A0613-F070-462B-845E-B319E0FE1671}.Debug|Any CPU.Deploy.0 = Debug|Any CPU
		{500A0613-F070-462B-845E-B319E0FE1671}.Release|Any CPU.Deploy.0 = Release|Any CPU
	EndGlobalSection
EndGlobal
